<?xml version="1.0" encoding="utf-8"?>
<Project ToolsVersion="4.0" xmlns="http://schemas.microsoft.com/developer/msbuild/2003">
  <ItemGroup>
    <Filter Include="Source">
      <UniqueIdentifier>{8063304d-9bec-4e94-8048-41cf11e63f40}</UniqueIdentifier>
    </Filter>
    <Filter Include="Source\Buffer">
      <UniqueIdentifier>{4b2471a3-de19-49f1-84ae-e45253c850c9}</UniqueIdentifier>
    </Filter>
    <Filter Include="Source\Model">
      <UniqueIdentifier>{e6e1c880-047f-4d0f-9606-4bcf7be71f91}</UniqueIdentifier>
    </Filter>
    <Filter Include="Source\Assets">
      <UniqueIdentifier>{46ebe38e-f4d8-4cec-ae51-18bd067e4183}</UniqueIdentifier>
    </Filter>
    <Filter Include="Source\Camera">
      <UniqueIdentifier>{00ea66f2-9ec9-4db8-b44d-b7f620cd253b}</UniqueIdentifier>
    </Filter>
    <Filter Include="Source\Renderer">
      <UniqueIdentifier>{d7d2185a-b93c-47df-9c7e-37795d148f92}</UniqueIdentifier>
    </Filter>
    <Filter Include="Source\Renderer\Shading">
      <UniqueIdentifier>{97e3d185-c780-4463-9175-7e9c58ddbc54}</UniqueIdentifier>
    </Filter>
    <Filter Include="Source\Core">
      <UniqueIdentifier>{6db6ef43-31f1-42e4-9880-9869f2aec25f}</UniqueIdentifier>
    </Filter>
    <Filter Include="Source\Window">
      <UniqueIdentifier>{314b01e2-5537-43d6-a908-0c3b2ef4dd11}</UniqueIdentifier>
    </Filter>
    <Filter Include="Source\Core">
      <UniqueIdentifier>{fdfb8057-21d1-4bc3-b52e-f6ece06ca229}</UniqueIdentifier>
    </Filter>
    <Filter Include="Source\Node">
      <UniqueIdentifier>{543f51ec-8f3e-44a0-b32b-88089524202e}</UniqueIdentifier>
    </Filter>
    <Filter Include="Source\Primitives">
      <UniqueIdentifier>{0c27a60f-c33b-4700-976d-6f5f32bbea68}</UniqueIdentifier>
    </Filter>
    <Filter Include="Source\Renderer\Shading\Materials">
      <UniqueIdentifier>{a5b903fc-e665-4d0d-9f54-12cf29e13a75}</UniqueIdentifier>
    </Filter>
    <Filter Include="Source\Renderer\Shading\Skybox">
      <UniqueIdentifier>{5f785ee0-6c61-421b-96d9-5df7d0f55e5c}</UniqueIdentifier>
    </Filter>
    <Filter Include="Source\Util">
      <UniqueIdentifier>{7c43d9ce-01ab-4a32-b7be-bb723420b47c}</UniqueIdentifier>
    </Filter>
    <Filter Include="Source\Renderer\OpenGL">
      <UniqueIdentifier>{d95cf45d-b4ea-4c9f-9960-0672a9ae0503}</UniqueIdentifier>
    </Filter>
    <Filter Include="Source\Renderer\RayTracing">
      <UniqueIdentifier>{c5ca46e2-cc51-4d14-a227-d6f894e0f375}</UniqueIdentifier>
    </Filter>
    <Filter Include="Source\Renderer\SoftwareRendering">
      <UniqueIdentifier>{c06c65da-f521-4baa-888a-a90e18c73dc2}</UniqueIdentifier>
    </Filter>
    <Filter Include="Source\Renderer\SoftwareRendering\SoftwareShaders">
      <UniqueIdentifier>{dfcbf972-dfb7-4c5b-9611-67dc430773f0}</UniqueIdentifier>
    </Filter>
    <Filter Include="Source\Core\Threading">
      <UniqueIdentifier>{f61f260f-b9d5-4fca-8eee-beaea3782b4b}</UniqueIdentifier>
    </Filter>
    <Filter Include="Source\Renderer\RayTracing\Integrators">
      <UniqueIdentifier>{f7c912bd-0cc0-4e3c-ae90-3a6624f99abf}</UniqueIdentifier>
    </Filter>
    <Filter Include="Source\Renderer\RayTracing\BSDF">
      <UniqueIdentifier>{d60e87e1-de7e-49f6-bf45-0b8ffdb31975}</UniqueIdentifier>
    </Filter>
    <Filter Include="Source\Memory">
      <UniqueIdentifier>{7a4ab270-20b9-4f51-a0f7-32af5bf1705f}</UniqueIdentifier>
    </Filter>
    <Filter Include="Source\Renderer\RayTracing\BSDF\Microfacet">
      <UniqueIdentifier>{3de32b15-ef39-4713-899c-1f5f160aaf36}</UniqueIdentifier>
    </Filter>
  </ItemGroup>
  <ItemGroup>
    <ClCompile Include="main.cpp">
      <Filter>Source</Filter>
    </ClCompile>
    <ClCompile Include="color.cpp">
      <Filter>Source</Filter>
    </ClCompile>
    <ClCompile Include="buffer.cpp">
      <Filter>Source\Buffer</Filter>
    </ClCompile>
    <ClCompile Include="mesh.cpp">
      <Filter>Source\Model</Filter>
    </ClCompile>
    <ClCompile Include="model.cpp">
      <Filter>Source\Model</Filter>
    </ClCompile>
    <ClCompile Include="texture.cpp">
      <Filter>Source\Model</Filter>
    </ClCompile>
    <ClCompile Include="objloader.cpp">
      <Filter>Source\Assets</Filter>
    </ClCompile>
    <ClCompile Include="filereader.cpp">
      <Filter>Source\Assets</Filter>
    </ClCompile>
    <ClCompile Include="texturefactory.cpp">
      <Filter>Source\Assets</Filter>
    </ClCompile>
    <ClCompile Include="camera.cpp">
      <Filter>Source\Camera</Filter>
    </ClCompile>
    <ClCompile Include="cameracontroller.cpp">
      <Filter>Source\Camera</Filter>
    </ClCompile>
    <ClCompile Include="inputmanager.cpp">
      <Filter>Source</Filter>
    </ClCompile>
    <ClCompile Include="rendercontext.cpp">
      <Filter>Source\Renderer</Filter>
    </ClCompile>
    <ClCompile Include="rendertarget.cpp">
      <Filter>Source\Renderer</Filter>
    </ClCompile>
    <ClCompile Include="renderer.cpp">
      <Filter>Source\Renderer</Filter>
    </ClCompile>
    <ClCompile Include="sphere.cpp">
      <Filter>Source\Primitives</Filter>
    </ClCompile>
    <ClCompile Include="aabb.cpp">
      <Filter>Source\Primitives</Filter>
    </ClCompile>
    <ClCompile Include="ray.cpp">
      <Filter>Source\Primitives</Filter>
    </ClCompile>
    <ClCompile Include="meshex.cpp">
      <Filter>Source\Model</Filter>
    </ClCompile>
    <ClCompile Include="modelex.cpp">
      <Filter>Source\Model</Filter>
    </ClCompile>
    <ClCompile Include="node.cpp">
      <Filter>Source\Node</Filter>
    </ClCompile>
    <ClCompile Include="transformation.cpp">
      <Filter>Source\Node</Filter>
    </ClCompile>
    <ClCompile Include="octree.cpp">
      <Filter>Source\Node</Filter>
    </ClCompile>
    <ClCompile Include="triangle2d.cpp">
      <Filter>Source\Primitives</Filter>
    </ClCompile>
    <ClCompile Include="kdtree.cpp">
      <Filter>Source\Node</Filter>
    </ClCompile>
    <ClCompile Include="plane.cpp">
      <Filter>Source\Primitives</Filter>
    </ClCompile>
    <ClCompile Include="window.cpp">
      <Filter>Source\Window</Filter>
    </ClCompile>
    <ClCompile Include="sampler.cpp">
      <Filter>Source\Renderer\Shading</Filter>
    </ClCompile>
    <ClCompile Include="timer.cpp">
      <Filter>Source\Core</Filter>
    </ClCompile>
    <ClCompile Include="window_gl.cpp">
      <Filter>Source\Window</Filter>
    </ClCompile>
    <ClCompile Include="phongshader.cpp">
      <Filter>Source\Renderer\SoftwareRendering\SoftwareShaders</Filter>
    </ClCompile>
    <ClCompile Include="softwareshader.cpp">
      <Filter>Source\Renderer\SoftwareRendering\SoftwareShaders</Filter>
    </ClCompile>
    <ClCompile Include="textmesh.cpp">
      <Filter>Source\Model</Filter>
    </ClCompile>
    <ClCompile Include="primitive.cpp">
      <Filter>Source\Primitives</Filter>
    </ClCompile>
    <ClCompile Include="components.cpp">
      <Filter>Source\Node</Filter>
    </ClCompile>
    <ClCompile Include="unlitshader.cpp">
      <Filter>Source\Renderer\SoftwareRendering\SoftwareShaders</Filter>
    </ClCompile>
    <ClCompile Include="renderable.cpp">
      <Filter>Source\Node</Filter>
    </ClCompile>
    <ClCompile Include="lightdata.cpp">
      <Filter>Source\Renderer\Shading</Filter>
    </ClCompile>
    <ClCompile Include="material.cpp">
      <Filter>Source\Renderer\Shading\Materials</Filter>
    </ClCompile>
    <ClCompile Include="phongmaterial.cpp">
      <Filter>Source\Renderer\Shading\Materials</Filter>
    </ClCompile>
    <ClCompile Include="typedefs.cpp">
      <Filter>Source\Core</Filter>
    </ClCompile>
    <ClCompile Include="random.cpp">
      <Filter>Source\Util</Filter>
    </ClCompile>
    <ClCompile Include="setup.cpp">
      <Filter>Source</Filter>
    </ClCompile>
    <ClCompile Include="softwarerenderer.cpp">
      <Filter>Source\Renderer\SoftwareRendering</Filter>
    </ClCompile>
    <ClCompile Include="raytracer.cpp">
      <Filter>Source\Renderer\RayTracing</Filter>
    </ClCompile>
    <ClCompile Include="renderer_gl.cpp">
      <Filter>Source\Renderer\OpenGL</Filter>
    </ClCompile>
    <ClCompile Include="threading.cpp">
      <Filter>Source\Core\Threading</Filter>
    </ClCompile>
    <ClCompile Include="scheduler.cpp">
      <Filter>Source\Core\Threading</Filter>
    </ClCompile>
    <ClCompile Include="workerthread.cpp">
      <Filter>Source\Core\Threading</Filter>
    </ClCompile>
    <ClCompile Include="workerjob.cpp">
      <Filter>Source\Core\Threading</Filter>
    </ClCompile>
    <ClCompile Include="montecarlointegrator.cpp">
      <Filter>Source\Renderer\RayTracing\Integrators</Filter>
    </ClCompile>
    <ClCompile Include="surfaceintegrator.cpp">
      <Filter>Source\Renderer\RayTracing\Integrators</Filter>
    </ClCompile>
    <ClCompile Include="whittedintegrator.cpp">
      <Filter>Source\Renderer\RayTracing\Integrators</Filter>
    </ClCompile>
    <ClCompile Include="blinnphong.cpp">
      <Filter>Source\Renderer\RayTracing\BSDF</Filter>
    </ClCompile>
    <ClCompile Include="renderjob.cpp">
      <Filter>Source\Renderer\RayTracing</Filter>
    </ClCompile>
    <ClCompile Include="jobgroup.cpp">
      <Filter>Source\Core\Threading</Filter>
    </ClCompile>
    <ClCompile Include="debugintegrator.cpp">
      <Filter>Source\Renderer\RayTracing\Integrators</Filter>
    </ClCompile>
    <ClCompile Include="stdafx.cpp">
      <Filter>Source</Filter>
    </ClCompile>
    <ClCompile Include="raytracerdebug.cpp">
      <Filter>Source\Renderer\RayTracing</Filter>
    </ClCompile>
    <ClCompile Include="lambert.cpp">
      <Filter>Source\Renderer\RayTracing\BSDF</Filter>
    </ClCompile>
    <ClCompile Include="bxdf.cpp">
      <Filter>Source\Renderer\RayTracing\BSDF</Filter>
    </ClCompile>
    <ClCompile Include="bsdf.cpp">
      <Filter>Source\Renderer\RayTracing\BSDF</Filter>
    </ClCompile>
    <ClCompile Include="rendertarget_gl.cpp">
      <Filter>Source\Renderer\OpenGL</Filter>
    </ClCompile>
    <ClCompile Include="bufferallocator.cpp">
      <Filter>Source\Buffer</Filter>
    </ClCompile>
    <ClCompile Include="memorybufferallocator.cpp">
      <Filter>Source\Buffer</Filter>
    </ClCompile>
    <ClCompile Include="gdibufferallocator.cpp">
      <Filter>Source\Buffer</Filter>
    </ClCompile>
    <ClCompile Include="texture_gl.cpp">
      <Filter>Source\Renderer\OpenGL</Filter>
    </ClCompile>
    <ClCompile Include="quad.cpp">
      <Filter>Source\Primitives</Filter>
    </ClCompile>
    <ClCompile Include="meshtriangle.cpp">
      <Filter>Source\Primitives</Filter>
    </ClCompile>
    <ClCompile Include="triangle3d.cpp">
      <Filter>Source\Primitives</Filter>
    </ClCompile>
    <ClCompile Include="program_gl.cpp">
      <Filter>Source\Renderer\OpenGL</Filter>
    </ClCompile>
    <ClCompile Include="branchedshader.cpp">
      <Filter>Source\Renderer\OpenGL</Filter>
    </ClCompile>
    <ClCompile Include="shader_gl.cpp">
      <Filter>Source\Renderer\OpenGL</Filter>
    </ClCompile>
    <ClCompile Include="mesh_gl.cpp">
      <Filter>Source\Renderer\OpenGL</Filter>
    </ClCompile>
    <ClCompile Include="arealight.cpp">
      <Filter>Source\Renderer\Shading</Filter>
    </ClCompile>
    <ClCompile Include="microfacetspecular.cpp">
      <Filter>Source\Renderer\RayTracing\BSDF\Microfacet</Filter>
    </ClCompile>
    <ClCompile Include="ggxdistribution.cpp">
      <Filter>Source\Renderer\RayTracing\BSDF\Microfacet</Filter>
    </ClCompile>
    <ClCompile Include="microfacetdistribution.cpp">
      <Filter>Source\Renderer\RayTracing\BSDF\Microfacet</Filter>
    </ClCompile>
    <ClCompile Include="blinndistribution.cpp">
      <Filter>Source\Renderer\RayTracing\BSDF\Microfacet</Filter>
    </ClCompile>
    <ClCompile Include="microfacetmaterial.cpp">
      <Filter>Source\Renderer\Shading\Materials</Filter>
    </ClCompile>
  </ItemGroup>
  <ItemGroup>
    <ClInclude Include="color.h">
      <Filter>Source</Filter>
    </ClInclude>
    <ClInclude Include="awesomerenderer.h">
      <Filter>Source</Filter>
    </ClInclude>
    <ClInclude Include="buffer.h">
      <Filter>Source\Buffer</Filter>
    </ClInclude>
    <ClInclude Include="mesh.h">
      <Filter>Source\Model</Filter>
    </ClInclude>
    <ClInclude Include="objloader.h">
      <Filter>Source\Assets</Filter>
    </ClInclude>
    <ClInclude Include="filereader.h">
      <Filter>Source\Assets</Filter>
    </ClInclude>
    <ClInclude Include="texture.h">
      <Filter>Source\Model</Filter>
    </ClInclude>
    <ClInclude Include="texturefactory.h">
      <Filter>Source\Assets</Filter>
    </ClInclude>
    <ClInclude Include="camera.h">
      <Filter>Source\Camera</Filter>
    </ClInclude>
    <ClInclude Include="cameracontroller.h">
      <Filter>Source\Camera</Filter>
    </ClInclude>
    <ClInclude Include="inputmanager.h">
      <Filter>Source</Filter>
    </ClInclude>
    <ClInclude Include="rendercontext.h">
      <Filter>Source\Renderer</Filter>
    </ClInclude>
    <ClInclude Include="rendertarget.h">
      <Filter>Source\Renderer</Filter>
    </ClInclude>
    <ClInclude Include="renderer.h">
      <Filter>Source\Renderer</Filter>
    </ClInclude>
    <ClInclude Include="sphere.h">
      <Filter>Source\Primitives</Filter>
    </ClInclude>
    <ClInclude Include="aabb.h">
      <Filter>Source\Primitives</Filter>
    </ClInclude>
    <ClInclude Include="ray.h">
      <Filter>Source\Primitives</Filter>
    </ClInclude>
    <ClInclude Include="raycasthit.h">
      <Filter>Source\Primitives</Filter>
    </ClInclude>
    <ClInclude Include="model.h">
      <Filter>Source\Model</Filter>
    </ClInclude>
    <ClInclude Include="meshex.h">
      <Filter>Source\Model</Filter>
    </ClInclude>
    <ClInclude Include="modelex.h">
      <Filter>Source\Model</Filter>
    </ClInclude>
    <ClInclude Include="node.h">
      <Filter>Source\Node</Filter>
    </ClInclude>
    <ClInclude Include="transformation.h">
      <Filter>Source\Node</Filter>
    </ClInclude>
    <ClInclude Include="octree.h">
      <Filter>Source\Node</Filter>
    </ClInclude>
    <ClInclude Include="kdtree.h">
      <Filter>Source\Node</Filter>
    </ClInclude>
    <ClInclude Include="triangle.h">
      <Filter>Source\Primitives</Filter>
    </ClInclude>
    <ClInclude Include="triangle2d.h">
      <Filter>Source\Primitives</Filter>
    </ClInclude>
    <ClInclude Include="plane.h">
      <Filter>Source\Primitives</Filter>
    </ClInclude>
    <ClInclude Include="shader.h">
      <Filter>Source\Renderer\Shading</Filter>
    </ClInclude>
    <ClInclude Include="typedefs.h">
      <Filter>Source\Core</Filter>
    </ClInclude>
    <ClInclude Include="extension.h">
      <Filter>Source\Core</Filter>
    </ClInclude>
    <ClInclude Include="window.h">
      <Filter>Source\Window</Filter>
    </ClInclude>
    <ClInclude Include="sampler.h">
      <Filter>Source\Renderer\Shading</Filter>
    </ClInclude>
    <ClInclude Include="timer.h">
      <Filter>Source\Core</Filter>
    </ClInclude>
    <ClInclude Include="window_gl.h">
      <Filter>Source\Window</Filter>
    </ClInclude>
    <ClInclude Include="factory.h">
      <Filter>Source\Assets</Filter>
    </ClInclude>
    <ClInclude Include="debug.h">
      <Filter>Source\Core</Filter>
    </ClInclude>
    <ClInclude Include="phongshader.h">
      <Filter>Source\Renderer\SoftwareRendering\SoftwareShaders</Filter>
    </ClInclude>
    <ClInclude Include="unlitshader.h">
      <Filter>Source\Renderer\SoftwareRendering\SoftwareShaders</Filter>
    </ClInclude>
    <ClInclude Include="textmesh.h">
      <Filter>Source\Model</Filter>
    </ClInclude>
    <ClInclude Include="component.h">
      <Filter>Source\Node</Filter>
    </ClInclude>
    <ClInclude Include="primitive.h">
      <Filter>Source\Primitives</Filter>
    </ClInclude>
    <ClInclude Include="softwareshader.h">
      <Filter>Source\Renderer\SoftwareRendering\SoftwareShaders</Filter>
    </ClInclude>
    <ClInclude Include="lightdata.h">
      <Filter>Source\Renderer\Shading</Filter>
    </ClInclude>
    <ClInclude Include="phongmaterial.h">
      <Filter>Source\Renderer\Shading\Materials</Filter>
    </ClInclude>
    <ClInclude Include="material.h">
      <Filter>Source\Renderer\Shading\Materials</Filter>
    </ClInclude>
    <ClInclude Include="util_gl.h">
      <Filter>Source\Util</Filter>
    </ClInclude>
    <ClInclude Include="util.h">
      <Filter>Source\Util</Filter>
    </ClInclude>
    <ClInclude Include="skybox.h">
      <Filter>Source\Renderer\Shading\Skybox</Filter>
    </ClInclude>
    <ClInclude Include="sixsidedskybox.h">
      <Filter>Source\Renderer\Shading\Skybox</Filter>
    </ClInclude>
    <ClInclude Include="coloredskybox.h">
      <Filter>Source\Renderer\Shading\Skybox</Filter>
    </ClInclude>
    <ClInclude Include="random.h">
      <Filter>Source\Util</Filter>
    </ClInclude>
    <ClInclude Include="extensionprovider.h">
      <Filter>Source\Core</Filter>
    </ClInclude>
    <ClInclude Include="shape.h">
      <Filter>Source\Node</Filter>
    </ClInclude>
    <ClInclude Include="setup.h">
      <Filter>Source</Filter>
    </ClInclude>
    <ClInclude Include="softwarerenderer.h">
      <Filter>Source\Renderer\SoftwareRendering</Filter>
    </ClInclude>
    <ClInclude Include="raytracer.h">
      <Filter>Source\Renderer\RayTracing</Filter>
    </ClInclude>
    <ClInclude Include="renderer_gl.h">
      <Filter>Source\Renderer\OpenGL</Filter>
    </ClInclude>
    <ClInclude Include="threading.h">
      <Filter>Source\Core\Threading</Filter>
    </ClInclude>
    <ClInclude Include="scheduler.h">
      <Filter>Source\Core\Threading</Filter>
    </ClInclude>
    <ClInclude Include="workerthread.h">
      <Filter>Source\Core\Threading</Filter>
    </ClInclude>
    <ClInclude Include="workerjob.h">
      <Filter>Source\Core\Threading</Filter>
    </ClInclude>
    <ClInclude Include="montecarlointegrator.h">
      <Filter>Source\Renderer\RayTracing\Integrators</Filter>
    </ClInclude>
    <ClInclude Include="surfaceintegrator.h">
      <Filter>Source\Renderer\RayTracing\Integrators</Filter>
    </ClInclude>
    <ClInclude Include="whittedintegrator.h">
      <Filter>Source\Renderer\RayTracing\Integrators</Filter>
    </ClInclude>
    <ClInclude Include="shadinginfo.h">
      <Filter>Source\Renderer\RayTracing</Filter>
    </ClInclude>
    <ClInclude Include="blinnphong.h">
      <Filter>Source\Renderer\RayTracing\BSDF</Filter>
    </ClInclude>
    <ClInclude Include="stdafx.h">
      <Filter>Source</Filter>
    </ClInclude>
    <ClInclude Include="renderjob.h">
      <Filter>Source\Renderer\RayTracing</Filter>
    </ClInclude>
    <ClInclude Include="jobgroup.h">
      <Filter>Source\Core\Threading</Filter>
    </ClInclude>
    <ClInclude Include="context.h">
      <Filter>Source</Filter>
    </ClInclude>
    <ClInclude Include="debugintegrator.h">
      <Filter>Source\Renderer\RayTracing\Integrators</Filter>
    </ClInclude>
    <ClInclude Include="treeelement.h">
      <Filter>Source\Node</Filter>
    </ClInclude>
    <ClInclude Include="raytracerdebug.h">
      <Filter>Source\Renderer\RayTracing</Filter>
    </ClInclude>
    <ClInclude Include="lambert.h">
      <Filter>Source\Renderer\RayTracing\BSDF</Filter>
    </ClInclude>
    <ClInclude Include="bxdf.h">
      <Filter>Source\Renderer\RayTracing\BSDF</Filter>
    </ClInclude>
    <ClInclude Include="bsdf.h">
      <Filter>Source\Renderer\RayTracing\BSDF</Filter>
    </ClInclude>
    <ClInclude Include="rendertarget_gl.h">
      <Filter>Source\Renderer\OpenGL</Filter>
    </ClInclude>
    <ClInclude Include="bufferallocator.h">
      <Filter>Source\Buffer</Filter>
    </ClInclude>
    <ClInclude Include="memorybufferallocator.h">
      <Filter>Source\Buffer</Filter>
    </ClInclude>
    <ClInclude Include="gdibufferallocator.h">
      <Filter>Source\Buffer</Filter>
    </ClInclude>
    <ClInclude Include="texture_gl.h">
      <Filter>Source\Renderer\OpenGL</Filter>
    </ClInclude>
    <ClInclude Include="kdtreenode.h">
      <Filter>Source\Node</Filter>
    </ClInclude>
    <ClInclude Include="quad.h">
      <Filter>Source\Primitives</Filter>
    </ClInclude>
    <ClInclude Include="meshtriangle.h">
      <Filter>Source\Primitives</Filter>
    </ClInclude>
    <ClInclude Include="triangle3d.h">
      <Filter>Source\Primitives</Filter>
    </ClInclude>
    <ClInclude Include="vectorutil.h">
      <Filter>Source\Util</Filter>
    </ClInclude>
    <ClInclude Include="quaternionutil.h">
      <Filter>Source\Util</Filter>
    </ClInclude>
    <ClInclude Include="program_gl.h">
      <Filter>Source\Renderer\OpenGL</Filter>
    </ClInclude>
    <ClInclude Include="branchedshader.h">
      <Filter>Source\Renderer\OpenGL</Filter>
    </ClInclude>
    <ClInclude Include="shader_gl.h">
      <Filter>Source\Renderer\OpenGL</Filter>
    </ClInclude>
    <ClInclude Include="mesh_gl.h">
      <Filter>Source\Renderer\OpenGL</Filter>
    </ClInclude>
    <ClInclude Include="memory.h">
      <Filter>Source\Memory</Filter>
    </ClInclude>
    <ClInclude Include="alignmentallocator.h">
      <Filter>Source\Memory</Filter>
    </ClInclude>
    <ClInclude Include="renderable.h">
      <Filter>Source\Node</Filter>
    </ClInclude>
    <ClInclude Include="arealight.h">
      <Filter>Source\Renderer\Shading</Filter>
    </ClInclude>
    <ClInclude Include="ShadingRay.h">
      <Filter>Source\Renderer\RayTracing</Filter>
    </ClInclude>
    <ClInclude Include="sampleutil.h">
      <Filter>Source\Util</Filter>
    </ClInclude>
    <ClInclude Include="microfacetspecular.h">
      <Filter>Source\Renderer\RayTracing\BSDF\Microfacet</Filter>
    </ClInclude>
    <ClInclude Include="microfacetdistribution.h">
      <Filter>Source\Renderer\RayTracing\BSDF\Microfacet</Filter>
    </ClInclude>
    <ClInclude Include="blinndistribution.h">
      <Filter>Source\Renderer\RayTracing\BSDF\Microfacet</Filter>
    </ClInclude>
    <ClInclude Include="ggxdistribution.h">
      <Filter>Source\Renderer\RayTracing\BSDF\Microfacet</Filter>
    </ClInclude>
    <ClInclude Include="microfacetmaterial.h">
      <Filter>Source\Renderer\Shading\Materials</Filter>
    </ClInclude>
  </ItemGroup>
</Project>